hash: 09e0df7437fddedbc95c38d85d79b0d1a8ed7df5f97fc17ca5e4ecac983bcddc
updated: 2017-03-14T22:02:10.488406752+01:00
imports:
- name: go.uber.org/atomic
  version: 3b8db5e93c4c02efbc313e17b2e796b0914a01fb
- name: go.uber.org/zap
  version: 4e517d38b2138e59475d6468e7a6b626eecdaa66
  subpackages:
  - buffer
  - internal/bufferpool
  - internal/color
  - internal/exit
  - internal/multierror
  - zapcore
testImports: []
